// !$*UTF8*$!
{
	archiveVersion = 1;
	classes = {
	};
	objectVersion = 46;
	objects = {

/* Begin PBXBuildFile section */
		C84710B9196B96DC00ED0DD7 /* Foundation.framework in Frameworks */ = {isa = PBXBuildFile; fileRef = C84710B8196B96DC00ED0DD7 /* Foundation.framework */; };
		C84710BB196B96DC00ED0DD7 /* CoreGraphics.framework in Frameworks */ = {isa = PBXBuildFile; fileRef = C84710BA196B96DC00ED0DD7 /* CoreGraphics.framework */; };
		C84710BD196B96DC00ED0DD7 /* UIKit.framework in Frameworks */ = {isa = PBXBuildFile; fileRef = C84710BC196B96DC00ED0DD7 /* UIKit.framework */; };
		C84710C3196B96DC00ED0DD7 /* InfoPlist.strings in Resources */ = {isa = PBXBuildFile; fileRef = C84710C1196B96DC00ED0DD7 /* InfoPlist.strings */; };
		C84710C5196B96DC00ED0DD7 /* main.m in Sources */ = {isa = PBXBuildFile; fileRef = C84710C4196B96DC00ED0DD7 /* main.m */; };
		C84710C9196B96DD00ED0DD7 /* AppDelegate.m in Sources */ = {isa = PBXBuildFile; fileRef = C84710C8196B96DD00ED0DD7 /* AppDelegate.m */; };
		C84710CC196B96DD00ED0DD7 /* Main.storyboard in Resources */ = {isa = PBXBuildFile; fileRef = C84710CA196B96DD00ED0DD7 /* Main.storyboard */; };
		C84710D1196B96DD00ED0DD7 /* Images.xcassets in Resources */ = {isa = PBXBuildFile; fileRef = C84710D0196B96DD00ED0DD7 /* Images.xcassets */; };
		C8471113196BC53900ED0DD7 /* CoreLocation.framework in Frameworks */ = {isa = PBXBuildFile; fileRef = C8471112196BC53900ED0DD7 /* CoreLocation.framework */; };
		C8471115196BC54B00ED0DD7 /* MAMapKit.framework in Frameworks */ = {isa = PBXBuildFile; fileRef = C8471114196BC54B00ED0DD7 /* MAMapKit.framework */; };
		C8471117196BC55E00ED0DD7 /* CoreTelephony.framework in Frameworks */ = {isa = PBXBuildFile; fileRef = C8471116196BC55E00ED0DD7 /* CoreTelephony.framework */; };
		C8471119196BC56800ED0DD7 /* SystemConfiguration.framework in Frameworks */ = {isa = PBXBuildFile; fileRef = C8471118196BC56800ED0DD7 /* SystemConfiguration.framework */; };
		C847111B196BC57800ED0DD7 /* libstdc++.6.0.9.dylib in Frameworks */ = {isa = PBXBuildFile; fileRef = C847111A196BC57800ED0DD7 /* libstdc++.6.0.9.dylib */; };
		C847111D196BC58800ED0DD7 /* libz.1.2.5.dylib in Frameworks */ = {isa = PBXBuildFile; fileRef = C847111C196BC58800ED0DD7 /* libz.1.2.5.dylib */; };
		C8471136196BC77D00ED0DD7 /* AMapSearchKit.framework in Frameworks */ = {isa = PBXBuildFile; fileRef = C8471135196BC77D00ED0DD7 /* AMapSearchKit.framework */; };
		C8471148196BCA1300ED0DD7 /* AMap.bundle in Resources */ = {isa = PBXBuildFile; fileRef = C8471147196BCA1300ED0DD7 /* AMap.bundle */; };
		C8471154196BCDEA00ED0DD7 /* AnnotationClusterViewController.m in Sources */ = {isa = PBXBuildFile; fileRef = C847114F196BCDEA00ED0DD7 /* AnnotationClusterViewController.m */; };
		C8471155196BCDEA00ED0DD7 /* BaseMapViewController.m in Sources */ = {isa = PBXBuildFile; fileRef = C8471151196BCDEA00ED0DD7 /* BaseMapViewController.m */; };
		C8471156196BCDEA00ED0DD7 /* PoiDetailViewController.m in Sources */ = {isa = PBXBuildFile; fileRef = C8471153196BCDEA00ED0DD7 /* PoiDetailViewController.m */; };
		C847115E196BCE5900ED0DD7 /* ClusterAnnotationView.m in Sources */ = {isa = PBXBuildFile; fileRef = C8471159196BCE5900ED0DD7 /* ClusterAnnotationView.m */; };
		C847116A196BCEA200ED0DD7 /* ClusterAnnotation.m in Sources */ = {isa = PBXBuildFile; fileRef = C8471163196BCEA200ED0DD7 /* ClusterAnnotation.m */; };
		C847116B196BCEA200ED0DD7 /* CoordinateQuadTree.m in Sources */ = {isa = PBXBuildFile; fileRef = C8471165196BCEA200ED0DD7 /* CoordinateQuadTree.m */; };
		C847116D196BCEA200ED0DD7 /* QuadTree.m in Sources */ = {isa = PBXBuildFile; fileRef = C8471169196BCEA200ED0DD7 /* QuadTree.m */; };
		C8F1DB31196D1A2C007BC6EC /* icon-40@2x.png in Resources */ = {isa = PBXBuildFile; fileRef = C8F1DB2E196D1A2C007BC6EC /* icon-40@2x.png */; };
		C8F1DB32196D1A2C007BC6EC /* icon-29@2x.png in Resources */ = {isa = PBXBuildFile; fileRef = C8F1DB2F196D1A2C007BC6EC /* icon-29@2x.png */; };
		C8F1DB33196D1A2C007BC6EC /* icon-60@2x.png in Resources */ = {isa = PBXBuildFile; fileRef = C8F1DB30196D1A2C007BC6EC /* icon-60@2x.png */; };
/* End PBXBuildFile section */

/* Begin PBXFileReference section */
		C84710B5196B96DC00ED0DD7 /* ClusterAnnotationDemo.app */ = {isa = PBXFileReference; explicitFileType = wrapper.application; includeInIndex = 0; path = ClusterAnnotationDemo.app; sourceTree = BUILT_PRODUCTS_DIR; };
		C84710B8196B96DC00ED0DD7 /* Foundation.framework */ = {isa = PBXFileReference; lastKnownFileType = wrapper.framework; name = Foundation.framework; path = System/Library/Frameworks/Foundation.framework; sourceTree = SDKROOT; };
		C84710BA196B96DC00ED0DD7 /* CoreGraphics.framework */ = {isa = PBXFileReference; lastKnownFileType = wrapper.framework; name = CoreGraphics.framework; path = System/Library/Frameworks/CoreGraphics.framework; sourceTree = SDKROOT; };
		C84710BC196B96DC00ED0DD7 /* UIKit.framework */ = {isa = PBXFileReference; lastKnownFileType = wrapper.framework; name = UIKit.framework; path = System/Library/Frameworks/UIKit.framework; sourceTree = SDKROOT; };
		C84710C0196B96DC00ED0DD7 /* iOS_3D_ClusterAnnotation-Info.plist */ = {isa = PBXFileReference; lastKnownFileType = text.plist.xml; path = "iOS_3D_ClusterAnnotation-Info.plist"; sourceTree = "<group>"; };
		C84710C2196B96DC00ED0DD7 /* en */ = {isa = PBXFileReference; lastKnownFileType = text.plist.strings; name = en; path = en.lproj/InfoPlist.strings; sourceTree = "<group>"; };
		C84710C4196B96DC00ED0DD7 /* main.m */ = {isa = PBXFileReference; lastKnownFileType = sourcecode.c.objc; path = main.m; sourceTree = "<group>"; };
		C84710C6196B96DC00ED0DD7 /* iOS_3D_ClusterAnnotation-Prefix.pch */ = {isa = PBXFileReference; lastKnownFileType = sourcecode.c.h; path = "iOS_3D_ClusterAnnotation-Prefix.pch"; sourceTree = "<group>"; };
		C84710C7196B96DD00ED0DD7 /* AppDelegate.h */ = {isa = PBXFileReference; lastKnownFileType = sourcecode.c.h; path = AppDelegate.h; sourceTree = "<group>"; };
		C84710C8196B96DD00ED0DD7 /* AppDelegate.m */ = {isa = PBXFileReference; lastKnownFileType = sourcecode.c.objc; path = AppDelegate.m; sourceTree = "<group>"; };
		C84710CB196B96DD00ED0DD7 /* Base */ = {isa = PBXFileReference; lastKnownFileType = file.storyboard; name = Base; path = Base.lproj/Main.storyboard; sourceTree = "<group>"; };
		C84710D0196B96DD00ED0DD7 /* Images.xcassets */ = {isa = PBXFileReference; lastKnownFileType = folder.assetcatalog; path = Images.xcassets; sourceTree = "<group>"; };
		C84710D7196B96DD00ED0DD7 /* XCTest.framework */ = {isa = PBXFileReference; lastKnownFileType = wrapper.framework; name = XCTest.framework; path = Library/Frameworks/XCTest.framework; sourceTree = DEVELOPER_DIR; };
		C8471112196BC53900ED0DD7 /* CoreLocation.framework */ = {isa = PBXFileReference; lastKnownFileType = wrapper.framework; name = CoreLocation.framework; path = System/Library/Frameworks/CoreLocation.framework; sourceTree = SDKROOT; };
		C8471114196BC54B00ED0DD7 /* MAMapKit.framework */ = {isa = PBXFileReference; lastKnownFileType = wrapper.framework; name = MAMapKit.framework; path = iOS_3D_ClusterAnnotation/extern/MAMapKit.framework; sourceTree = "<group>"; };
		C8471116196BC55E00ED0DD7 /* CoreTelephony.framework */ = {isa = PBXFileReference; lastKnownFileType = wrapper.framework; name = CoreTelephony.framework; path = System/Library/Frameworks/CoreTelephony.framework; sourceTree = SDKROOT; };
		C8471118196BC56800ED0DD7 /* SystemConfiguration.framework */ = {isa = PBXFileReference; lastKnownFileType = wrapper.framework; name = SystemConfiguration.framework; path = System/Library/Frameworks/SystemConfiguration.framework; sourceTree = SDKROOT; };
		C847111A196BC57800ED0DD7 /* libstdc++.6.0.9.dylib */ = {isa = PBXFileReference; lastKnownFileType = "compiled.mach-o.dylib"; name = "libstdc++.6.0.9.dylib"; path = "usr/lib/libstdc++.6.0.9.dylib"; sourceTree = SDKROOT; };
		C847111C196BC58800ED0DD7 /* libz.1.2.5.dylib */ = {isa = PBXFileReference; lastKnownFileType = "compiled.mach-o.dylib"; name = libz.1.2.5.dylib; path = usr/lib/libz.1.2.5.dylib; sourceTree = SDKROOT; };
		C8471124196BC70500ED0DD7 /* APIKey.h */ = {isa = PBXFileReference; fileEncoding = 4; lastKnownFileType = sourcecode.c.h; path = APIKey.h; sourceTree = "<group>"; };
		C8471135196BC77D00ED0DD7 /* AMapSearchKit.framework */ = {isa = PBXFileReference; lastKnownFileType = wrapper.framework; name = AMapSearchKit.framework; path = iOS_3D_ClusterAnnotation/extern/AMapSearchKit.framework; sourceTree = "<group>"; };
		C8471147196BCA1300ED0DD7 /* AMap.bundle */ = {isa = PBXFileReference; lastKnownFileType = "wrapper.plug-in"; name = AMap.bundle; path = iOS_3D_ClusterAnnotation/extern/MAMapKit.framework/Versions/2.2.1.1650.60159/Resources/AMap.bundle; sourceTree = "<group>"; };
		C847114E196BCDEA00ED0DD7 /* AnnotationClusterViewController.h */ = {isa = PBXFileReference; fileEncoding = 4; lastKnownFileType = sourcecode.c.h; path = AnnotationClusterViewController.h; sourceTree = "<group>"; };
		C847114F196BCDEA00ED0DD7 /* AnnotationClusterViewController.m */ = {isa = PBXFileReference; fileEncoding = 4; lastKnownFileType = sourcecode.c.objc; path = AnnotationClusterViewController.m; sourceTree = "<group>"; };
		C8471150196BCDEA00ED0DD7 /* BaseMapViewController.h */ = {isa = PBXFileReference; fileEncoding = 4; lastKnownFileType = sourcecode.c.h; path = BaseMapViewController.h; sourceTree = "<group>"; };
		C8471151196BCDEA00ED0DD7 /* BaseMapViewController.m */ = {isa = PBXFileReference; fileEncoding = 4; lastKnownFileType = sourcecode.c.objc; path = BaseMapViewController.m; sourceTree = "<group>"; };
		C8471152196BCDEA00ED0DD7 /* PoiDetailViewController.h */ = {isa = PBXFileReference; fileEncoding = 4; lastKnownFileType = sourcecode.c.h; path = PoiDetailViewController.h; sourceTree = "<group>"; };
		C8471153196BCDEA00ED0DD7 /* PoiDetailViewController.m */ = {isa = PBXFileReference; fileEncoding = 4; lastKnownFileType = sourcecode.c.objc; path = PoiDetailViewController.m; sourceTree = "<group>"; };
		C8471158196BCE5900ED0DD7 /* ClusterAnnotationView.h */ = {isa = PBXFileReference; fileEncoding = 4; lastKnownFileType = sourcecode.c.h; path = ClusterAnnotationView.h; sourceTree = "<group>"; };
		C8471159196BCE5900ED0DD7 /* ClusterAnnotationView.m */ = {isa = PBXFileReference; fileEncoding = 4; lastKnownFileType = sourcecode.c.objc; path = ClusterAnnotationView.m; sourceTree = "<group>"; };
		C8471162196BCEA200ED0DD7 /* ClusterAnnotation.h */ = {isa = PBXFileReference; fileEncoding = 4; lastKnownFileType = sourcecode.c.h; path = ClusterAnnotation.h; sourceTree = "<group>"; };
		C8471163196BCEA200ED0DD7 /* ClusterAnnotation.m */ = {isa = PBXFileReference; fileEncoding = 4; lastKnownFileType = sourcecode.c.objc; path = ClusterAnnotation.m; sourceTree = "<group>"; };
		C8471164196BCEA200ED0DD7 /* CoordinateQuadTree.h */ = {isa = PBXFileReference; fileEncoding = 4; lastKnownFileType = sourcecode.c.h; path = CoordinateQuadTree.h; sourceTree = "<group>"; };
		C8471165196BCEA200ED0DD7 /* CoordinateQuadTree.m */ = {isa = PBXFileReference; fileEncoding = 4; lastKnownFileType = sourcecode.c.objc; path = CoordinateQuadTree.m; sourceTree = "<group>"; };
		C8471168196BCEA200ED0DD7 /* QuadTree.h */ = {isa = PBXFileReference; fileEncoding = 4; lastKnownFileType = sourcecode.c.h; path = QuadTree.h; sourceTree = "<group>"; };
		C8471169196BCEA200ED0DD7 /* QuadTree.m */ = {isa = PBXFileReference; fileEncoding = 4; lastKnownFileType = sourcecode.c.objc; path = QuadTree.m; sourceTree = "<group>"; };
		C8F1DB2E196D1A2C007BC6EC /* icon-40@2x.png */ = {isa = PBXFileReference; lastKnownFileType = image.png; name = "icon-40@2x.png"; path = "Resources/icon-40@2x.png"; sourceTree = "<group>"; };
		C8F1DB2F196D1A2C007BC6EC /* icon-29@2x.png */ = {isa = PBXFileReference; lastKnownFileType = image.png; name = "icon-29@2x.png"; path = "Resources/icon-29@2x.png"; sourceTree = "<group>"; };
		C8F1DB30196D1A2C007BC6EC /* icon-60@2x.png */ = {isa = PBXFileReference; lastKnownFileType = image.png; name = "icon-60@2x.png"; path = "Resources/icon-60@2x.png"; sourceTree = "<group>"; };
/* End PBXFileReference section */

/* Begin PBXFrameworksBuildPhase section */
		C84710B2196B96DC00ED0DD7 /* Frameworks */ = {
			isa = PBXFrameworksBuildPhase;
			buildActionMask = 2147483647;
			files = (
				C847111D196BC58800ED0DD7 /* libz.1.2.5.dylib in Frameworks */,
				C847111B196BC57800ED0DD7 /* libstdc++.6.0.9.dylib in Frameworks */,
				C8471119196BC56800ED0DD7 /* SystemConfiguration.framework in Frameworks */,
				C8471117196BC55E00ED0DD7 /* CoreTelephony.framework in Frameworks */,
				C8471115196BC54B00ED0DD7 /* MAMapKit.framework in Frameworks */,
				C8471136196BC77D00ED0DD7 /* AMapSearchKit.framework in Frameworks */,
				C8471113196BC53900ED0DD7 /* CoreLocation.framework in Frameworks */,
				C84710BB196B96DC00ED0DD7 /* CoreGraphics.framework in Frameworks */,
				C84710BD196B96DC00ED0DD7 /* UIKit.framework in Frameworks */,
				C84710B9196B96DC00ED0DD7 /* Foundation.framework in Frameworks */,
			);
			runOnlyForDeploymentPostprocessing = 0;
		};
/* End PBXFrameworksBuildPhase section */

/* Begin PBXGroup section */
		C84710AC196B96DC00ED0DD7 = {
			isa = PBXGroup;
			children = (
				C8471147196BCA1300ED0DD7 /* AMap.bundle */,
				C84710BE196B96DC00ED0DD7 /* iOS_3D_ClusterAnnotation */,
				C84710B7196B96DC00ED0DD7 /* Frameworks */,
				C84710B6196B96DC00ED0DD7 /* Products */,
			);
			sourceTree = "<group>";
		};
		C84710B6196B96DC00ED0DD7 /* Products */ = {
			isa = PBXGroup;
			children = (
				C84710B5196B96DC00ED0DD7 /* ClusterAnnotationDemo.app */,
			);
			name = Products;
			sourceTree = "<group>";
		};
		C84710B7196B96DC00ED0DD7 /* Frameworks */ = {
			isa = PBXGroup;
			children = (
				C8471135196BC77D00ED0DD7 /* AMapSearchKit.framework */,
				C847111C196BC58800ED0DD7 /* libz.1.2.5.dylib */,
				C847111A196BC57800ED0DD7 /* libstdc++.6.0.9.dylib */,
				C8471118196BC56800ED0DD7 /* SystemConfiguration.framework */,
				C8471116196BC55E00ED0DD7 /* CoreTelephony.framework */,
				C8471114196BC54B00ED0DD7 /* MAMapKit.framework */,
				C8471112196BC53900ED0DD7 /* CoreLocation.framework */,
				C84710B8196B96DC00ED0DD7 /* Foundation.framework */,
				C84710BA196B96DC00ED0DD7 /* CoreGraphics.framework */,
				C84710BC196B96DC00ED0DD7 /* UIKit.framework */,
				C84710D7196B96DD00ED0DD7 /* XCTest.framework */,
			);
			name = Frameworks;
			sourceTree = "<group>";
		};
		C84710BE196B96DC00ED0DD7 /* iOS_3D_ClusterAnnotation */ = {
			isa = PBXGroup;
			children = (
				C84710C7196B96DD00ED0DD7 /* AppDelegate.h */,
				C84710C8196B96DD00ED0DD7 /* AppDelegate.m */,
				C8471123196BC70500ED0DD7 /* Configuration */,
				C847114D196BCDEA00ED0DD7 /* Controllers */,
				C8471157196BCE5900ED0DD7 /* Views */,
				C8471161196BCEA200ED0DD7 /* Models */,
				C84710CA196B96DD00ED0DD7 /* Main.storyboard */,
				C84710D0196B96DD00ED0DD7 /* Images.xcassets */,
				C84710BF196B96DC00ED0DD7 /* Supporting Files */,
			);
			path = iOS_3D_ClusterAnnotation;
			sourceTree = "<group>";
		};
		C84710BF196B96DC00ED0DD7 /* Supporting Files */ = {
			isa = PBXGroup;
			children = (
				C8F1DB2E196D1A2C007BC6EC /* icon-40@2x.png */,
				C8F1DB2F196D1A2C007BC6EC /* icon-29@2x.png */,
				C8F1DB30196D1A2C007BC6EC /* icon-60@2x.png */,
				C84710C0196B96DC00ED0DD7 /* iOS_3D_ClusterAnnotation-Info.plist */,
				C84710C1196B96DC00ED0DD7 /* InfoPlist.strings */,
				C84710C4196B96DC00ED0DD7 /* main.m */,
				C84710C6196B96DC00ED0DD7 /* iOS_3D_ClusterAnnotation-Prefix.pch */,
			);
			name = "Supporting Files";
			sourceTree = "<group>";
		};
		C8471123196BC70500ED0DD7 /* Configuration */ = {
			isa = PBXGroup;
			children = (
				C8471124196BC70500ED0DD7 /* APIKey.h */,
			);
			path = Configuration;
			sourceTree = "<group>";
		};
		C847114D196BCDEA00ED0DD7 /* Controllers */ = {
			isa = PBXGroup;
			children = (
				C8471150196BCDEA00ED0DD7 /* BaseMapViewController.h */,
				C8471151196BCDEA00ED0DD7 /* BaseMapViewController.m */,
				C847114E196BCDEA00ED0DD7 /* AnnotationClusterViewController.h */,
				C847114F196BCDEA00ED0DD7 /* AnnotationClusterViewController.m */,
				C8471152196BCDEA00ED0DD7 /* PoiDetailViewController.h */,
				C8471153196BCDEA00ED0DD7 /* PoiDetailViewController.m */,
			);
			name = Controllers;
			path = Controller;
			sourceTree = "<group>";
		};
		C8471157196BCE5900ED0DD7 /* Views */ = {
			isa = PBXGroup;
			children = (
				C8471158196BCE5900ED0DD7 /* ClusterAnnotationView.h */,
				C8471159196BCE5900ED0DD7 /* ClusterAnnotationView.m */,
			);
			name = Views;
			path = View;
			sourceTree = "<group>";
		};
		C8471161196BCEA200ED0DD7 /* Models */ = {
			isa = PBXGroup;
			children = (
				C8471162196BCEA200ED0DD7 /* ClusterAnnotation.h */,
				C8471163196BCEA200ED0DD7 /* ClusterAnnotation.m */,
				C8471164196BCEA200ED0DD7 /* CoordinateQuadTree.h */,
				C8471165196BCEA200ED0DD7 /* CoordinateQuadTree.m */,
				C8471168196BCEA200ED0DD7 /* QuadTree.h */,
				C8471169196BCEA200ED0DD7 /* QuadTree.m */,
			);
			name = Models;
			path = Model;
			sourceTree = "<group>";
		};
/* End PBXGroup section */

/* Begin PBXNativeTarget section */
		C84710B4196B96DC00ED0DD7 /* ClusterAnnotationDemo */ = {
			isa = PBXNativeTarget;
			buildConfigurationList = C84710E7196B96DD00ED0DD7 /* Build configuration list for PBXNativeTarget "ClusterAnnotationDemo" */;
			buildPhases = (
				C84710B1196B96DC00ED0DD7 /* Sources */,
				C84710B2196B96DC00ED0DD7 /* Frameworks */,
				C84710B3196B96DC00ED0DD7 /* Resources */,
			);
			buildRules = (
			);
			dependencies = (
			);
			name = ClusterAnnotationDemo;
			productName = iOS_3D_ClusterAnnotation;
			productReference = C84710B5196B96DC00ED0DD7 /* ClusterAnnotationDemo.app */;
			productType = "com.apple.product-type.application";
		};
/* End PBXNativeTarget section */

/* Begin PBXProject section */
		C84710AD196B96DC00ED0DD7 /* Project object */ = {
			isa = PBXProject;
			attributes = {
				LastUpgradeCheck = 0510;
				ORGANIZATIONNAME = "yi chen";
			};
			buildConfigurationList = C84710B0196B96DC00ED0DD7 /* Build configuration list for PBXProject "iOS_3D_ClusterAnnotation" */;
			compatibilityVersion = "Xcode 3.2";
			developmentRegion = English;
			hasScannedForEncodings = 0;
			knownRegions = (
				en,
				Base,
			);
			mainGroup = C84710AC196B96DC00ED0DD7;
			productRefGroup = C84710B6196B96DC00ED0DD7 /* Products */;
			projectDirPath = "";
			projectRoot = "";
			targets = (
				C84710B4196B96DC00ED0DD7 /* ClusterAnnotationDemo */,
			);
		};
/* End PBXProject section */

/* Begin PBXResourcesBuildPhase section */
		C84710B3196B96DC00ED0DD7 /* Resources */ = {
			isa = PBXResourcesBuildPhase;
			buildActionMask = 2147483647;
			files = (
				C8F1DB32196D1A2C007BC6EC /* icon-29@2x.png in Resources */,
				C8471148196BCA1300ED0DD7 /* AMap.bundle in Resources */,
				C8F1DB33196D1A2C007BC6EC /* icon-60@2x.png in Resources */,
				C84710D1196B96DD00ED0DD7 /* Images.xcassets in Resources */,
				C84710C3196B96DC00ED0DD7 /* InfoPlist.strings in Resources */,
				C84710CC196B96DD00ED0DD7 /* Main.storyboard in Resources */,
				C8F1DB31196D1A2C007BC6EC /* icon-40@2x.png in Resources */,
			);
			runOnlyForDeploymentPostprocessing = 0;
		};
/* End PBXResourcesBuildPhase section */

/* Begin PBXSourcesBuildPhase section */
		C84710B1196B96DC00ED0DD7 /* Sources */ = {
			isa = PBXSourcesBuildPhase;
			buildActionMask = 2147483647;
			files = (
				C84710C9196B96DD00ED0DD7 /* AppDelegate.m in Sources */,
				C8471156196BCDEA00ED0DD7 /* PoiDetailViewController.m in Sources */,
				C847116D196BCEA200ED0DD7 /* QuadTree.m in Sources */,
				C84710C5196B96DC00ED0DD7 /* main.m in Sources */,
				C847116B196BCEA200ED0DD7 /* CoordinateQuadTree.m in Sources */,
				C847116A196BCEA200ED0DD7 /* ClusterAnnotation.m in Sources */,
				C8471154196BCDEA00ED0DD7 /* AnnotationClusterViewController.m in Sources */,
				C8471155196BCDEA00ED0DD7 /* BaseMapViewController.m in Sources */,
				C847115E196BCE5900ED0DD7 /* ClusterAnnotationView.m in Sources */,
			);
			runOnlyForDeploymentPostprocessing = 0;
		};
/* End PBXSourcesBuildPhase section */

/* Begin PBXVariantGroup section */
		C84710C1196B96DC00ED0DD7 /* InfoPlist.strings */ = {
			isa = PBXVariantGroup;
			children = (
				C84710C2196B96DC00ED0DD7 /* en */,
			);
			name = InfoPlist.strings;
			sourceTree = "<group>";
		};
		C84710CA196B96DD00ED0DD7 /* Main.storyboard */ = {
			isa = PBXVariantGroup;
			children = (
				C84710CB196B96DD00ED0DD7 /* Base */,
			);
			name = Main.storyboard;
			sourceTree = "<group>";
		};
/* End PBXVariantGroup section */

/* Begin XCBuildConfiguration section */
		C84710E5196B96DD00ED0DD7 /* Debug */ = {
			isa = XCBuildConfiguration;
			buildSettings = {
				ALWAYS_SEARCH_USER_PATHS = NO;
				CLANG_CXX_LANGUAGE_STANDARD = "gnu++0x";
				CLANG_CXX_LIBRARY = "libc++";
				CLANG_ENABLE_MODULES = YES;
				CLANG_ENABLE_OBJC_ARC = YES;
				CLANG_WARN_BOOL_CONVERSION = YES;
				CLANG_WARN_CONSTANT_CONVERSION = YES;
				CLANG_WARN_DIRECT_OBJC_ISA_USAGE = YES_ERROR;
				CLANG_WARN_EMPTY_BODY = YES;
				CLANG_WARN_ENUM_CONVERSION = YES;
				CLANG_WARN_INT_CONVERSION = YES;
				CLANG_WARN_OBJC_ROOT_CLASS = YES_ERROR;
				CLANG_WARN__DUPLICATE_METHOD_MATCH = YES;
				"CODE_SIGN_IDENTITY[sdk=iphoneos*]" = "iPhone Developer";
				COPY_PHASE_STRIP = NO;
				GCC_C_LANGUAGE_STANDARD = gnu99;
				GCC_DYNAMIC_NO_PIC = NO;
				GCC_OPTIMIZATION_LEVEL = 0;
				GCC_PREPROCESSOR_DEFINITIONS = (
					"DEBUG=1",
					"$(inherited)",
				);
				GCC_SYMBOLS_PRIVATE_EXTERN = NO;
				GCC_WARN_64_TO_32_BIT_CONVERSION = YES;
				GCC_WARN_ABOUT_RETURN_TYPE = YES_ERROR;
				GCC_WARN_UNDECLARED_SELECTOR = YES;
				GCC_WARN_UNINITIALIZED_AUTOS = YES_AGGRESSIVE;
				GCC_WARN_UNUSED_FUNCTION = YES;
				GCC_WARN_UNUSED_VARIABLE = YES;
				IPHONEOS_DEPLOYMENT_TARGET = 7.1;
				ONLY_ACTIVE_ARCH = YES;
				SDKROOT = iphoneos;
			};
			name = Debug;
		};
		C84710E6196B96DD00ED0DD7 /* Release */ = {
			isa = XCBuildConfiguration;
			buildSettings = {
				ALWAYS_SEARCH_USER_PATHS = NO;
				CLANG_CXX_LANGUAGE_STANDARD = "gnu++0x";
				CLANG_CXX_LIBRARY = "libc++";
				CLANG_ENABLE_MODULES = YES;
				CLANG_ENABLE_OBJC_ARC = YES;
				CLANG_WARN_BOOL_CONVERSION = YES;
				CLANG_WARN_CONSTANT_CONVERSION = YES;
				CLANG_WARN_DIRECT_OBJC_ISA_USAGE = YES_ERROR;
				CLANG_WARN_EMPTY_BODY = YES;
				CLANG_WARN_ENUM_CONVERSION = YES;
				CLANG_WARN_INT_CONVERSION = YES;
				CLANG_WARN_OBJC_ROOT_CLASS = YES_ERROR;
				CLANG_WARN__DUPLICATE_METHOD_MATCH = YES;
				"CODE_SIGN_IDENTITY[sdk=iphoneos*]" = "iPhone Developer";
				COPY_PHASE_STRIP = YES;
				ENABLE_NS_ASSERTIONS = NO;
				GCC_C_LANGUAGE_STANDARD = gnu99;
				GCC_WARN_64_TO_32_BIT_CONVERSION = YES;
				GCC_WARN_ABOUT_RETURN_TYPE = YES_ERROR;
				GCC_WARN_UNDECLARED_SELECTOR = YES;
				GCC_WARN_UNINITIALIZED_AUTOS = YES_AGGRESSIVE;
				GCC_WARN_UNUSED_FUNCTION = YES;
				GCC_WARN_UNUSED_VARIABLE = YES;
				IPHONEOS_DEPLOYMENT_TARGET = 7.1;
				SDKROOT = iphoneos;
				VALIDATE_PRODUCT = YES;
			};
			name = Release;
		};
		C84710E8196B96DD00ED0DD7 /* Debug */ = {
			isa = XCBuildConfiguration;
			buildSettings = {
				ASSETCATALOG_COMPILER_APPICON_NAME = AppIcon;
				ASSETCATALOG_COMPILER_LAUNCHIMAGE_NAME = LaunchImage;
				CODE_SIGN_IDENTITY = "iPhone Developer: song xiaojian (4D2LR3BAF2)";
				"CODE_SIGN_IDENTITY[sdk=iphoneos*]" = "iPhone Developer: song xiaojian (4D2LR3BAF2)";
				FRAMEWORK_SEARCH_PATHS = (
					"$(inherited)",
					"$(PROJECT_DIR)/iOS_3D_ClusterAnnotation/extern",
				);
				GCC_PRECOMPILE_PREFIX_HEADER = YES;
				GCC_PREFIX_HEADER = "iOS_3D_ClusterAnnotation/iOS_3D_ClusterAnnotation-Prefix.pch";
				INFOPLIST_FILE = "iOS_3D_ClusterAnnotation/iOS_3D_ClusterAnnotation-Info.plist";
				PRODUCT_NAME = "$(TARGET_NAME)";
				VALID_ARCHS = "armv7 armv7s";
				WRAPPER_EXTENSION = app;
			};
			name = Debug;
		};
		C84710E9196B96DD00ED0DD7 /* Release */ = {
			isa = XCBuildConfiguration;
			buildSettings = {
				ASSETCATALOG_COMPILER_APPICON_NAME = AppIcon;
				ASSETCATALOG_COMPILER_LAUNCHIMAGE_NAME = LaunchImage;
				CODE_SIGN_IDENTITY = "iPhone Distribution: AutoNavi Software Co., Ltd.";
				FRAMEWORK_SEARCH_PATHS = (
					"$(inherited)",
					"$(PROJECT_DIR)/iOS_3D_ClusterAnnotation/extern",
				);
				GCC_PRECOMPILE_PREFIX_HEADER = YES;
				GCC_PREFIX_HEADER = "iOS_3D_ClusterAnnotation/iOS_3D_ClusterAnnotation-Prefix.pch";
				INFOPLIST_FILE = "iOS_3D_ClusterAnnotation/iOS_3D_ClusterAnnotation-Info.plist";
				PRODUCT_NAME = "$(TARGET_NAME)";
				VALID_ARCHS = "armv7 armv7s";
				WRAPPER_EXTENSION = app;
			};
			name = Release;
		};
/* End XCBuildConfiguration section */

/* Begin XCConfigurationList section */
		C84710B0196B96DC00ED0DD7 /* Build configuration list for PBXProject "iOS_3D_ClusterAnnotation" */ = {
			isa = XCConfigurationList;
			buildConfigurations = (
				C84710E5196B96DD00ED0DD7 /* Debug */,
				C84710E6196B96DD00ED0DD7 /* Release */,
			);
			defaultConfigurationIsVisible = 0;
			defaultConfigurationName = Release;
		};
		C84710E7196B96DD00ED0DD7 /* Build configuration list for PBXNativeTarget "ClusterAnnotationDemo" */ = {
			isa = XCConfigurationList;
			buildConfigurations = (
				C84710E8196B96DD00ED0DD7 /* Debug */,
				C84710E9196B96DD00ED0DD7 /* Release */,
			);
			defaultConfigurationIsVisible = 0;
			defaultConfigurationName = Release;
		};
/* End XCConfigurationList section */
	};
	rootObject = C84710AD196B96DC00ED0DD7 /* Project object */;
}
